<?xml version="1.0" encoding="utf-8"?>
<Project ToolsVersion="4.0" xmlns="http://schemas.microsoft.com/developer/msbuild/2003">
  <ItemGroup>
    <Filter Include="Engine">
      <UniqueIdentifier>{7497eda0-5290-4b5c-8461-864ee8af63c1}</UniqueIdentifier>
    </Filter>
    <Filter Include="Game">
      <UniqueIdentifier>{93cacc96-375b-43db-b957-efed9913a55b}</UniqueIdentifier>
    </Filter>
    <Filter Include="Engine\Math">
      <UniqueIdentifier>{b0aad57b-be9b-46c1-a298-d4be64f2131e}</UniqueIdentifier>
    </Filter>
    <Filter Include="Engine\Scene">
      <UniqueIdentifier>{473d07d8-ccad-4f98-90d7-a951e624daa4}</UniqueIdentifier>
    </Filter>
    <Filter Include="Engine\Window">
      <UniqueIdentifier>{1a720e09-65e4-40be-aa19-36f32b4e76f4}</UniqueIdentifier>
    </Filter>
    <Filter Include="Engine\Time">
      <UniqueIdentifier>{055cda59-48c0-4d90-a278-2d27ad1b32b8}</UniqueIdentifier>
    </Filter>
    <Filter Include="Engine\Files">
      <UniqueIdentifier>{fd023d1a-bda5-45f6-9bc6-4e9bc24288f3}</UniqueIdentifier>
    </Filter>
    <Filter Include="Engine\Input">
      <UniqueIdentifier>{224e8ebc-9ece-4ea8-9912-6943366d1a9f}</UniqueIdentifier>
    </Filter>
    <Filter Include="Engine\Datatypes">
      <UniqueIdentifier>{e230e4e9-1357-4e12-8693-ea1fb16161d8}</UniqueIdentifier>
    </Filter>
    <Filter Include="Engine\Debug">
      <UniqueIdentifier>{6442b634-9e67-48e9-920e-241e27da15f5}</UniqueIdentifier>
    </Filter>
    <Filter Include="Engine\Scene\Components">
      <UniqueIdentifier>{12edf23e-a440-4c34-a94d-ca7ceb1761a2}</UniqueIdentifier>
    </Filter>
    <Filter Include="Engine\Scene\Systems">
      <UniqueIdentifier>{a35ac6fd-c480-4cb4-a248-bbba9f4660f6}</UniqueIdentifier>
    </Filter>
    <Filter Include="Engine\Scene\Resources">
      <UniqueIdentifier>{a7096e49-f5c6-40b2-bbc9-3f526b993381}</UniqueIdentifier>
    </Filter>
    <Filter Include="Engine\Scene\Systems\Camera">
      <UniqueIdentifier>{d1dfb00b-7545-43d9-8c0b-ecacaec3772e}</UniqueIdentifier>
    </Filter>
    <Filter Include="Engine\Scene\Systems\Sprite">
      <UniqueIdentifier>{f00832d9-47cb-4441-a0f6-fe3a208415cb}</UniqueIdentifier>
    </Filter>
    <Filter Include="Engine\Scene\Systems\Script">
      <UniqueIdentifier>{bb4186de-81b7-440e-b7ab-328d9a313528}</UniqueIdentifier>
    </Filter>
    <Filter Include="Engine\Scene\Systems\Collider">
      <UniqueIdentifier>{b76fbd9b-7b28-4415-8afa-4a1de5a8bc1f}</UniqueIdentifier>
    </Filter>
    <Filter Include="Engine\Scene\Systems\Collider\Colliders">
      <UniqueIdentifier>{e71f121e-e8e0-4b2f-ba30-f92fbb43e257}</UniqueIdentifier>
    </Filter>
  </ItemGroup>
  <ItemGroup>
    <ClInclude Include="Random.h">
      <Filter>Engine\Math</Filter>
    </ClInclude>
    <ClInclude Include="Math.h">
      <Filter>Engine\Math</Filter>
    </ClInclude>
    <ClInclude Include="Window.h">
      <Filter>Engine\Window</Filter>
    </ClInclude>
    <ClInclude Include="Draw.h">
      <Filter>Engine\Window</Filter>
    </ClInclude>
    <ClInclude Include="Vector2i.h">
      <Filter>Engine\Datatypes</Filter>
    </ClInclude>
    <ClInclude Include="Colors.h">
      <Filter>Engine\Datatypes</Filter>
    </ClInclude>
    <ClInclude Include="Log.h">
      <Filter>Engine\Debug</Filter>
    </ClInclude>
    <ClInclude Include="Time.h">
      <Filter>Engine\Time</Filter>
    </ClInclude>
    <ClInclude Include="Files.h">
      <Filter>Engine\Files</Filter>
    </ClInclude>
    <ClInclude Include="Input.h">
      <Filter>Engine\Input</Filter>
    </ClInclude>
    <ClInclude Include="Scene.h">
      <Filter>Engine\Scene</Filter>
    </ClInclude>
    <ClInclude Include="Console.h">
      <Filter>Engine\Debug</Filter>
    </ClInclude>
    <ClInclude Include="Component.h">
      <Filter>Engine\Scene\Components</Filter>
    </ClInclude>
    <ClInclude Include="EventQueue.h">
      <Filter>Engine\Scene</Filter>
    </ClInclude>
    <ClInclude Include="TestScript.h">
      <Filter>Game</Filter>
    </ClInclude>
    <ClInclude Include="Resource.h">
      <Filter>Engine\Scene\Resources</Filter>
    </ClInclude>
    <ClInclude Include="Fonts.h">
      <Filter>Engine\Scene\Resources</Filter>
    </ClInclude>
    <ClInclude Include="Audio.h">
      <Filter>Engine\Scene\Resources</Filter>
    </ClInclude>
    <ClInclude Include="Textures.h">
      <Filter>Engine\Scene\Resources</Filter>
    </ClInclude>
    <ClInclude Include="Entities.h">
      <Filter>Engine\Scene</Filter>
    </ClInclude>
    <ClInclude Include="CameraSystem.h">
      <Filter>Engine\Scene\Systems\Camera</Filter>
    </ClInclude>
    <ClInclude Include="SpriteSystem.h">
      <Filter>Engine\Scene\Systems\Sprite</Filter>
    </ClInclude>
    <ClInclude Include="ScriptSystem.h">
      <Filter>Engine\Scene\Systems\Script</Filter>
    </ClInclude>
    <ClInclude Include="Script.h">
      <Filter>Engine\Scene\Systems\Script</Filter>
    </ClInclude>
    <ClInclude Include="ColliderSystem.h">
      <Filter>Engine\Scene\Systems\Collider</Filter>
    </ClInclude>
    <ClInclude Include="Camera.h">
      <Filter>Engine\Scene\Components</Filter>
    </ClInclude>
    <ClInclude Include="ColliderList.h">
      <Filter>Engine\Scene\Components</Filter>
    </ClInclude>
    <ClInclude Include="ScriptList.h">
      <Filter>Engine\Scene\Components</Filter>
    </ClInclude>
    <ClInclude Include="Transform.h">
      <Filter>Engine\Scene\Components</Filter>
    </ClInclude>
    <ClInclude Include="Sprite.h">
      <Filter>Engine\Scene\Components</Filter>
    </ClInclude>
    <ClInclude Include="Collider.h">
      <Filter>Engine\Scene\Systems\Collider</Filter>
    </ClInclude>
    <ClInclude Include="Collision.h">
      <Filter>Engine\Scene\Systems\Collider</Filter>
    </ClInclude>
    <ClInclude Include="BoxCollider.h">
      <Filter>Engine\Scene\Systems\Collider\Colliders</Filter>
    </ClInclude>
  </ItemGroup>
  <ItemGroup>
    <ClCompile Include="Random.cpp">
      <Filter>Engine\Math</Filter>
    </ClCompile>
    <ClCompile Include="main.cpp">
      <Filter>Game</Filter>
    </ClCompile>
    <ClCompile Include="Window.cpp">
      <Filter>Engine\Window</Filter>
    </ClCompile>
    <ClCompile Include="Draw.cpp">
      <Filter>Engine\Window</Filter>
    </ClCompile>
    <ClCompile Include="Log.cpp">
      <Filter>Engine\Debug</Filter>
    </ClCompile>
    <ClCompile Include="Time.cpp">
      <Filter>Engine\Time</Filter>
    </ClCompile>
    <ClCompile Include="Files.cpp">
      <Filter>Engine\Files</Filter>
    </ClCompile>
    <ClCompile Include="Input.cpp">
      <Filter>Engine\Input</Filter>
    </ClCompile>
    <ClCompile Include="Scene.cpp">
      <Filter>Engine\Scene</Filter>
    </ClCompile>
    <ClCompile Include="Console.cpp">
      <Filter>Engine\Debug</Filter>
    </ClCompile>
    <ClCompile Include="Component.cpp">
      <Filter>Engine\Scene\Components</Filter>
    </ClCompile>
    <ClCompile Include="EventQueue.cpp">
      <Filter>Engine\Scene</Filter>
    </ClCompile>
    <ClCompile Include="TestScript.cpp">
      <Filter>Game</Filter>
    </ClCompile>
    <ClCompile Include="Resource.cpp">
      <Filter>Engine\Scene\Resources</Filter>
    </ClCompile>
    <ClCompile Include="Fonts.cpp">
      <Filter>Engine\Scene\Resources</Filter>
    </ClCompile>
    <ClCompile Include="Audio.cpp">
      <Filter>Engine\Scene\Resources</Filter>
    </ClCompile>
    <ClCompile Include="Textures.cpp">
      <Filter>Engine\Scene\Resources</Filter>
    </ClCompile>
    <ClCompile Include="SpriteSystem.cpp">
      <Filter>Engine\Scene\Systems\Sprite</Filter>
    </ClCompile>
    <ClCompile Include="Script.cpp">
      <Filter>Engine\Scene\Systems\Script</Filter>
    </ClCompile>
    <ClCompile Include="ScriptSystem.cpp">
      <Filter>Engine\Scene\Systems\Script</Filter>
    </ClCompile>
    <ClCompile Include="Camera.cpp">
      <Filter>Engine\Scene\Components</Filter>
    </ClCompile>
    <ClCompile Include="ColliderList.cpp">
      <Filter>Engine\Scene\Components</Filter>
    </ClCompile>
    <ClCompile Include="ScriptList.cpp">
      <Filter>Engine\Scene\Components</Filter>
    </ClCompile>
    <ClCompile Include="Transform.cpp">
      <Filter>Engine\Scene\Components</Filter>
    </ClCompile>
    <ClCompile Include="Sprite.cpp">
      <Filter>Engine\Scene\Components</Filter>
    </ClCompile>
    <ClCompile Include="ColliderSystem.cpp">
      <Filter>Engine\Scene\Systems\Collider</Filter>
    </ClCompile>
    <ClCompile Include="Collision.cpp">
      <Filter>Engine\Scene\Systems\Collider</Filter>
    </ClCompile>
    <ClCompile Include="Collider.cpp">
      <Filter>Engine\Scene\Systems\Collider</Filter>
    </ClCompile>
    <ClCompile Include="BoxCollider.cpp">
      <Filter>Engine\Scene\Systems\Collider\Colliders</Filter>
    </ClCompile>
  </ItemGroup>
</Project>